<Solution>
  <Project Path="Assembly-CSharp.csproj" />
  <Project Path="IngameDebugConsole.Runtime.csproj" />
  <Project Path="ParrelSync.csproj" />
  <Project Path="IngameDebugConsole.Editor.csproj" />
  <Project Path="Facepunch Transport for Netcode for GameObjects.csproj" />
  <Project Path="Assembly-CSharp-Editor.csproj" />
</Solution>
